<Solution>
  <Folder Name="/src/">
    <Project Path="src/NotificationService.Application/NotificationService.Application.csproj" />
    <Project Path="src/NotificationService.Domain/NotificationService.Domain.csproj" />
    <Project Path="src/NotificationService.Host/NotificationService.Host.csproj" />
    <Project Path="src/NotificationService.Infrastructure/NotificationService.Infrastructure.csproj" />
  </Folder>
  <Folder Name="/tests/">
    <Project Path="tests/NotificationService.Tests/NotificationService.Tests.csproj" />
  </Folder>
</Solution>
